
Microsoft Visual Studio Solution File, Format Version 12.00
# Visual Studio Version 16
VisualStudioVersion = 16.0.29709.97
MinimumVisualStudioVersion = 10.0.40219.1
Project("{FAE04EC0-301F-11D3-BF4B-00C04F79EFBC}") = "DiceRolling", "DiceRolling\DiceRolling.csproj", "{0C6FDA99-0918-4863-8D42-22F84DB55E65}"
EndProject
Global
	GlobalSection(SolutionConfigurationPlatforms) = preSolution
		Debug|Any CPU = Debug|Any CPU
		Release|Any CPU = Release|Any CPU
	EndGlobalSection
	GlobalSection(ProjectConfigurationPlatforms) = postSolution
		{0C6FDA99-0918-4863-8D42-22F84DB55E65}.Debug|Any CPU.ActiveCfg = Debug|Any CPU
		{0C6FDA99-0918-4863-8D42-22F84DB55E65}.Debug|Any CPU.Build.0 = Debug|Any CPU
		{0C6FDA99-0918-4863-8D42-22F84DB55E65}.Release|Any CPU.ActiveCfg = Release|Any CPU
		{0C6FDA99-0918-4863-8D42-22F84DB55E65}.Release|Any CPU.Build.0 = Release|Any CPU
	EndGlobalSection
	GlobalSection(SolutionProperties) = preSolution
		HideSolutionNode = FALSE
	EndGlobalSection
	GlobalSection(ExtensibilityGlobals) = postSolution
		SolutionGuid = {CAFCC634-F0AA-4F93-AA6E-6A3C20577781}
	EndGlobalSection
EndGlobal
